
Microsoft Visual Studio Solution File, Format Version 12.00
# Visual Studio Version 16
VisualStudioVersion = 16.0.29609.76
MinimumVisualStudioVersion = 10.0.40219.1
Project("{FAE04EC0-301F-11D3-BF4B-00C04F79EFBC}") = "StS_Save_Test_UI", "StS_Save_Test_UI\StS_Save_Test_UI.csproj", "{6FF060C7-4FB3-4F1B-92C8-5A53640F880C}"
EndProject
Global
	GlobalSection(SolutionConfigurationPlatforms) = preSolution
		Debug|Any CPU = Debug|Any CPU
		Release|Any CPU = Release|Any CPU
	EndGlobalSection
	GlobalSection(ProjectConfigurationPlatforms) = postSolution
		{6FF060C7-4FB3-4F1B-92C8-5A53640F880C}.Debug|Any CPU.ActiveCfg = Debug|Any CPU
		{6FF060C7-4FB3-4F1B-92C8-5A53640F880C}.Debug|Any CPU.Build.0 = Debug|Any CPU
		{6FF060C7-4FB3-4F1B-92C8-5A53640F880C}.Release|Any CPU.ActiveCfg = Release|Any CPU
		{6FF060C7-4FB3-4F1B-92C8-5A53640F880C}.Release|Any CPU.Build.0 = Release|Any CPU
	EndGlobalSection
	GlobalSection(SolutionProperties) = preSolution
		HideSolutionNode = FALSE
	EndGlobalSection
	GlobalSection(ExtensibilityGlobals) = postSolution
		SolutionGuid = {D0AEF1E4-9F62-4CCA-BF31-945E8F07EA17}
	EndGlobalSection
EndGlobal
